
Microsoft Visual Studio Solution File, Format Version 12.00
# Visual Studio Version 16
VisualStudioVersion = 16.0.30523.141
MinimumVisualStudioVersion = 10.0.40219.1
Project("{9A19103F-16F7-4668-BE54-9A1E7A4F7556}") = "TemperatureSensor", "TemperatureSensor\TemperatureSensor.csproj", "{683349EB-CC51-453D-B153-A99F79CBD329}"
EndProject
Project("{2150E333-8FDC-42A3-9474-1A3956D46DE8}") = "ActorLibrary", "ActorLibrary", "{68D17372-878F-4320-96BB-A2EC445EF7A5}"
EndProject
Project("{2150E333-8FDC-42A3-9474-1A3956D46DE8}") = "Tests", "Tests", "{80FFED55-EE8F-4D81-B000-DD5804C27FC3}"
EndProject
Project("{9A19103F-16F7-4668-BE54-9A1E7A4F7556}") = "GsmModem", "GsmModem\GsmModem.csproj", "{26E08116-AEDB-42A2-92B3-D65F796D5DF4}"
EndProject
Project("{9A19103F-16F7-4668-BE54-9A1E7A4F7556}") = "Actors.Test", "Actors.Test\Actors.Test.csproj", "{B0E227D5-BB14-4148-B974-6C1F0F7DD6DA}"
EndProject
Project("{9A19103F-16F7-4668-BE54-9A1E7A4F7556}") = "HomeAutomationWebApp", "HomeAutomationWebApp\HomeAutomationWebApp.csproj", "{8454EEC6-27DA-453A-800F-5F9D4793C55A}"
EndProject
Project("{9A19103F-16F7-4668-BE54-9A1E7A4F7556}") = "ImgwApi", "ImgwApi\ImgwApi.csproj", "{93146B93-E1B5-404A-A5F3-85A2B631AA33}"
EndProject
Project("{9A19103F-16F7-4668-BE54-9A1E7A4F7556}") = "IotHubGatewayDaemon", "IotHubGatewayDaemon\IotHubGatewayDaemon.csproj", "{10D749A0-EE9A-43AA-828D-4DB2F51A5A4D}"
EndProject
Project("{9A19103F-16F7-4668-BE54-9A1E7A4F7556}") = "ActorsDaemon", "ActorsDaemon\ActorsDaemon.csproj", "{58A974B2-E9EA-4DE0-A587-A99A12D5AF81}"
EndProject
Project("{9A19103F-16F7-4668-BE54-9A1E7A4F7556}") = "Shared", "Shared\Shared.csproj", "{2B9F8E19-6F00-4E46-9A58-27A8E7877160}"
EndProject
Project("{9A19103F-16F7-4668-BE54-9A1E7A4F7556}") = "DataLayer", "DataLayer\DataLayer.csproj", "{8D5CB959-AC37-48A1-B56C-8977F8AD09A2}"
EndProject
Project("{9A19103F-16F7-4668-BE54-9A1E7A4F7556}") = "Relay", "Relay\Relay.csproj", "{23BC951C-640E-43C5-95C8-7A061F8E64CD}"
EndProject
Global
	GlobalSection(SolutionConfigurationPlatforms) = preSolution
		Debug|Any CPU = Debug|Any CPU
		Release|Any CPU = Release|Any CPU
	EndGlobalSection
	GlobalSection(ProjectConfigurationPlatforms) = postSolution
		{683349EB-CC51-453D-B153-A99F79CBD329}.Debug|Any CPU.ActiveCfg = Debug|Any CPU
		{683349EB-CC51-453D-B153-A99F79CBD329}.Debug|Any CPU.Build.0 = Debug|Any CPU
		{683349EB-CC51-453D-B153-A99F79CBD329}.Release|Any CPU.ActiveCfg = Release|Any CPU
		{683349EB-CC51-453D-B153-A99F79CBD329}.Release|Any CPU.Build.0 = Release|Any CPU
		{26E08116-AEDB-42A2-92B3-D65F796D5DF4}.Debug|Any CPU.ActiveCfg = Debug|Any CPU
		{26E08116-AEDB-42A2-92B3-D65F796D5DF4}.Debug|Any CPU.Build.0 = Debug|Any CPU
		{26E08116-AEDB-42A2-92B3-D65F796D5DF4}.Release|Any CPU.ActiveCfg = Release|Any CPU
		{26E08116-AEDB-42A2-92B3-D65F796D5DF4}.Release|Any CPU.Build.0 = Release|Any CPU
		{B0E227D5-BB14-4148-B974-6C1F0F7DD6DA}.Debug|Any CPU.ActiveCfg = Debug|Any CPU
		{B0E227D5-BB14-4148-B974-6C1F0F7DD6DA}.Debug|Any CPU.Build.0 = Debug|Any CPU
		{B0E227D5-BB14-4148-B974-6C1F0F7DD6DA}.Release|Any CPU.ActiveCfg = Release|Any CPU
		{B0E227D5-BB14-4148-B974-6C1F0F7DD6DA}.Release|Any CPU.Build.0 = Release|Any CPU
		{8454EEC6-27DA-453A-800F-5F9D4793C55A}.Debug|Any CPU.ActiveCfg = Debug|Any CPU
		{8454EEC6-27DA-453A-800F-5F9D4793C55A}.Debug|Any CPU.Build.0 = Debug|Any CPU
		{8454EEC6-27DA-453A-800F-5F9D4793C55A}.Release|Any CPU.ActiveCfg = Release|Any CPU
		{8454EEC6-27DA-453A-800F-5F9D4793C55A}.Release|Any CPU.Build.0 = Release|Any CPU
		{93146B93-E1B5-404A-A5F3-85A2B631AA33}.Debug|Any CPU.ActiveCfg = Debug|Any CPU
		{93146B93-E1B5-404A-A5F3-85A2B631AA33}.Debug|Any CPU.Build.0 = Debug|Any CPU
		{93146B93-E1B5-404A-A5F3-85A2B631AA33}.Release|Any CPU.ActiveCfg = Release|Any CPU
		{93146B93-E1B5-404A-A5F3-85A2B631AA33}.Release|Any CPU.Build.0 = Release|Any CPU
		{10D749A0-EE9A-43AA-828D-4DB2F51A5A4D}.Debug|Any CPU.ActiveCfg = Debug|Any CPU
		{10D749A0-EE9A-43AA-828D-4DB2F51A5A4D}.Debug|Any CPU.Build.0 = Debug|Any CPU
		{10D749A0-EE9A-43AA-828D-4DB2F51A5A4D}.Release|Any CPU.ActiveCfg = Release|Any CPU
		{10D749A0-EE9A-43AA-828D-4DB2F51A5A4D}.Release|Any CPU.Build.0 = Release|Any CPU
		{58A974B2-E9EA-4DE0-A587-A99A12D5AF81}.Debug|Any CPU.ActiveCfg = Debug|Any CPU
		{58A974B2-E9EA-4DE0-A587-A99A12D5AF81}.Debug|Any CPU.Build.0 = Debug|Any CPU
		{58A974B2-E9EA-4DE0-A587-A99A12D5AF81}.Release|Any CPU.ActiveCfg = Release|Any CPU
		{58A974B2-E9EA-4DE0-A587-A99A12D5AF81}.Release|Any CPU.Build.0 = Release|Any CPU
		{2B9F8E19-6F00-4E46-9A58-27A8E7877160}.Debug|Any CPU.ActiveCfg = Debug|Any CPU
		{2B9F8E19-6F00-4E46-9A58-27A8E7877160}.Debug|Any CPU.Build.0 = Debug|Any CPU
		{2B9F8E19-6F00-4E46-9A58-27A8E7877160}.Release|Any CPU.ActiveCfg = Release|Any CPU
		{2B9F8E19-6F00-4E46-9A58-27A8E7877160}.Release|Any CPU.Build.0 = Release|Any CPU
		{8D5CB959-AC37-48A1-B56C-8977F8AD09A2}.Debug|Any CPU.ActiveCfg = Debug|Any CPU
		{8D5CB959-AC37-48A1-B56C-8977F8AD09A2}.Debug|Any CPU.Build.0 = Debug|Any CPU
		{8D5CB959-AC37-48A1-B56C-8977F8AD09A2}.Release|Any CPU.ActiveCfg = Release|Any CPU
		{8D5CB959-AC37-48A1-B56C-8977F8AD09A2}.Release|Any CPU.Build.0 = Release|Any CPU
		{23BC951C-640E-43C5-95C8-7A061F8E64CD}.Debug|Any CPU.ActiveCfg = Debug|Any CPU
		{23BC951C-640E-43C5-95C8-7A061F8E64CD}.Debug|Any CPU.Build.0 = Debug|Any CPU
		{23BC951C-640E-43C5-95C8-7A061F8E64CD}.Release|Any CPU.ActiveCfg = Release|Any CPU
		{23BC951C-640E-43C5-95C8-7A061F8E64CD}.Release|Any CPU.Build.0 = Release|Any CPU
	EndGlobalSection
	GlobalSection(SolutionProperties) = preSolution
		HideSolutionNode = FALSE
	EndGlobalSection
	GlobalSection(NestedProjects) = preSolution
		{683349EB-CC51-453D-B153-A99F79CBD329} = {68D17372-878F-4320-96BB-A2EC445EF7A5}
		{80FFED55-EE8F-4D81-B000-DD5804C27FC3} = {68D17372-878F-4320-96BB-A2EC445EF7A5}
		{26E08116-AEDB-42A2-92B3-D65F796D5DF4} = {68D17372-878F-4320-96BB-A2EC445EF7A5}
		{B0E227D5-BB14-4148-B974-6C1F0F7DD6DA} = {80FFED55-EE8F-4D81-B000-DD5804C27FC3}
		{93146B93-E1B5-404A-A5F3-85A2B631AA33} = {68D17372-878F-4320-96BB-A2EC445EF7A5}
		{58A974B2-E9EA-4DE0-A587-A99A12D5AF81} = {68D17372-878F-4320-96BB-A2EC445EF7A5}
		{2B9F8E19-6F00-4E46-9A58-27A8E7877160} = {68D17372-878F-4320-96BB-A2EC445EF7A5}
		{23BC951C-640E-43C5-95C8-7A061F8E64CD} = {68D17372-878F-4320-96BB-A2EC445EF7A5}
	EndGlobalSection
	GlobalSection(ExtensibilityGlobals) = postSolution
		SolutionGuid = {374DB276-3DCB-4C07-B9A5-7E8B0756483A}
	EndGlobalSection
EndGlobal
