
Microsoft Visual Studio Solution File, Format Version 12.00
# Visual Studio Version 16
VisualStudioVersion = 16.0.30523.141
MinimumVisualStudioVersion = 10.0.40219.1
Project("{9A19103F-16F7-4668-BE54-9A1E7A4F7556}") = "TemperatureSensor", "TemperatureSensor\TemperatureSensor.csproj", "{683349EB-CC51-453D-B153-A99F79CBD329}"
EndProject
Project("{2150E333-8FDC-42A3-9474-1A3956D46DE8}") = "ActorLibrary", "ActorLibrary", "{68D17372-878F-4320-96BB-A2EC445EF7A5}"
EndProject
Project("{2150E333-8FDC-42A3-9474-1A3956D46DE8}") = "Tests", "Tests", "{80FFED55-EE8F-4D81-B000-DD5804C27FC3}"
EndProject
Project("{9A19103F-16F7-4668-BE54-9A1E7A4F7556}") = "GsmModem", "GsmModem\GsmModem.csproj", "{26E08116-AEDB-42A2-92B3-D65F796D5DF4}"
EndProject
Project("{9A19103F-16F7-4668-BE54-9A1E7A4F7556}") = "Actors.Test", "Actors.Test\Actors.Test.csproj", "{B0E227D5-BB14-4148-B974-6C1F0F7DD6DA}"
EndProject
Project("{9A19103F-16F7-4668-BE54-9A1E7A4F7556}") = "Actors", "Actors\Actors.csproj", "{D00356B0-EA82-4447-9907-2E2068D59C4F}"
EndProject
Project("{9A19103F-16F7-4668-BE54-9A1E7A4F7556}") = "CommonClasses", "CommonClasses\CommonClasses.csproj", "{A84C1739-E165-4078-8A8D-28F336D0BBA6}"
EndProject
Project("{9A19103F-16F7-4668-BE54-9A1E7A4F7556}") = "HomeAutomationWebApp", "HomeAutomationWebApp\HomeAutomationWebApp.csproj", "{8454EEC6-27DA-453A-800F-5F9D4793C55A}"
EndProject
Project("{9A19103F-16F7-4668-BE54-9A1E7A4F7556}") = "ImgwApi", "ImgwApi\ImgwApi.csproj", "{93146B93-E1B5-404A-A5F3-85A2B631AA33}"
EndProject
Project("{9A19103F-16F7-4668-BE54-9A1E7A4F7556}") = "IotHubGateway", "IotHubGGateway\IotHubGateway.csproj", "{98E952EB-94D4-45EE-A5A2-23CAC8B1B5DC}"
EndProject
Global
	GlobalSection(SolutionConfigurationPlatforms) = preSolution
		Debug|Any CPU = Debug|Any CPU
		Release|Any CPU = Release|Any CPU
	EndGlobalSection
	GlobalSection(ProjectConfigurationPlatforms) = postSolution
		{683349EB-CC51-453D-B153-A99F79CBD329}.Debug|Any CPU.ActiveCfg = Debug|Any CPU
		{683349EB-CC51-453D-B153-A99F79CBD329}.Debug|Any CPU.Build.0 = Debug|Any CPU
		{683349EB-CC51-453D-B153-A99F79CBD329}.Release|Any CPU.ActiveCfg = Release|Any CPU
		{683349EB-CC51-453D-B153-A99F79CBD329}.Release|Any CPU.Build.0 = Release|Any CPU
		{26E08116-AEDB-42A2-92B3-D65F796D5DF4}.Debug|Any CPU.ActiveCfg = Debug|Any CPU
		{26E08116-AEDB-42A2-92B3-D65F796D5DF4}.Debug|Any CPU.Build.0 = Debug|Any CPU
		{26E08116-AEDB-42A2-92B3-D65F796D5DF4}.Release|Any CPU.ActiveCfg = Release|Any CPU
		{26E08116-AEDB-42A2-92B3-D65F796D5DF4}.Release|Any CPU.Build.0 = Release|Any CPU
		{B0E227D5-BB14-4148-B974-6C1F0F7DD6DA}.Debug|Any CPU.ActiveCfg = Debug|Any CPU
		{B0E227D5-BB14-4148-B974-6C1F0F7DD6DA}.Debug|Any CPU.Build.0 = Debug|Any CPU
		{B0E227D5-BB14-4148-B974-6C1F0F7DD6DA}.Release|Any CPU.ActiveCfg = Release|Any CPU
		{B0E227D5-BB14-4148-B974-6C1F0F7DD6DA}.Release|Any CPU.Build.0 = Release|Any CPU
		{D00356B0-EA82-4447-9907-2E2068D59C4F}.Debug|Any CPU.ActiveCfg = Debug|Any CPU
		{D00356B0-EA82-4447-9907-2E2068D59C4F}.Debug|Any CPU.Build.0 = Debug|Any CPU
		{D00356B0-EA82-4447-9907-2E2068D59C4F}.Release|Any CPU.ActiveCfg = Release|Any CPU
		{D00356B0-EA82-4447-9907-2E2068D59C4F}.Release|Any CPU.Build.0 = Release|Any CPU
		{A84C1739-E165-4078-8A8D-28F336D0BBA6}.Debug|Any CPU.ActiveCfg = Debug|Any CPU
		{A84C1739-E165-4078-8A8D-28F336D0BBA6}.Debug|Any CPU.Build.0 = Debug|Any CPU
		{A84C1739-E165-4078-8A8D-28F336D0BBA6}.Release|Any CPU.ActiveCfg = Release|Any CPU
		{A84C1739-E165-4078-8A8D-28F336D0BBA6}.Release|Any CPU.Build.0 = Release|Any CPU
		{8454EEC6-27DA-453A-800F-5F9D4793C55A}.Debug|Any CPU.ActiveCfg = Debug|Any CPU
		{8454EEC6-27DA-453A-800F-5F9D4793C55A}.Debug|Any CPU.Build.0 = Debug|Any CPU
		{8454EEC6-27DA-453A-800F-5F9D4793C55A}.Release|Any CPU.ActiveCfg = Release|Any CPU
		{8454EEC6-27DA-453A-800F-5F9D4793C55A}.Release|Any CPU.Build.0 = Release|Any CPU
		{93146B93-E1B5-404A-A5F3-85A2B631AA33}.Debug|Any CPU.ActiveCfg = Debug|Any CPU
		{93146B93-E1B5-404A-A5F3-85A2B631AA33}.Debug|Any CPU.Build.0 = Debug|Any CPU
		{93146B93-E1B5-404A-A5F3-85A2B631AA33}.Release|Any CPU.ActiveCfg = Release|Any CPU
		{93146B93-E1B5-404A-A5F3-85A2B631AA33}.Release|Any CPU.Build.0 = Release|Any CPU
		{98E952EB-94D4-45EE-A5A2-23CAC8B1B5DC}.Debug|Any CPU.ActiveCfg = Debug|Any CPU
		{98E952EB-94D4-45EE-A5A2-23CAC8B1B5DC}.Debug|Any CPU.Build.0 = Debug|Any CPU
		{98E952EB-94D4-45EE-A5A2-23CAC8B1B5DC}.Release|Any CPU.ActiveCfg = Release|Any CPU
		{98E952EB-94D4-45EE-A5A2-23CAC8B1B5DC}.Release|Any CPU.Build.0 = Release|Any CPU
	EndGlobalSection
	GlobalSection(SolutionProperties) = preSolution
		HideSolutionNode = FALSE
	EndGlobalSection
	GlobalSection(NestedProjects) = preSolution
		{683349EB-CC51-453D-B153-A99F79CBD329} = {68D17372-878F-4320-96BB-A2EC445EF7A5}
		{80FFED55-EE8F-4D81-B000-DD5804C27FC3} = {68D17372-878F-4320-96BB-A2EC445EF7A5}
		{26E08116-AEDB-42A2-92B3-D65F796D5DF4} = {68D17372-878F-4320-96BB-A2EC445EF7A5}
		{B0E227D5-BB14-4148-B974-6C1F0F7DD6DA} = {80FFED55-EE8F-4D81-B000-DD5804C27FC3}
		{D00356B0-EA82-4447-9907-2E2068D59C4F} = {68D17372-878F-4320-96BB-A2EC445EF7A5}
		{A84C1739-E165-4078-8A8D-28F336D0BBA6} = {68D17372-878F-4320-96BB-A2EC445EF7A5}
		{93146B93-E1B5-404A-A5F3-85A2B631AA33} = {68D17372-878F-4320-96BB-A2EC445EF7A5}
	EndGlobalSection
	GlobalSection(ExtensibilityGlobals) = postSolution
		SolutionGuid = {374DB276-3DCB-4C07-B9A5-7E8B0756483A}
	EndGlobalSection
EndGlobal
